
Microsoft Visual Studio Solution File, Format Version 12.00
Project("{FAE04EC0-301F-11D3-BF4B-00C04F79EFBC}") = "DTOs", "DTOs\DTOs.csproj", "{FE842265-63F1-4316-B7E2-39A98D34B41F}"
EndProject
Project("{2150E333-8FDC-42A3-9474-1A3956D46DE8}") = "DAL", "DAL", "{18236E6A-3BB7-4541-BACF-783F087F2BC7}"
EndProject
Project("{2150E333-8FDC-42A3-9474-1A3956D46DE8}") = "BLL", "BLL", "{C1EBA4F5-A4E3-42D1-AE66-C826B9D8CD46}"
EndProject
Project("{FAE04EC0-301F-11D3-BF4B-00C04F79EFBC}") = "BLL", "BLL\BLL.csproj", "{77AF2850-A159-4858-B7EC-128E60C10727}"
EndProject
Project("{FAE04EC0-301F-11D3-BF4B-00C04F79EFBC}") = "DAL", "DAL\DAL.csproj", "{68B17857-3250-444B-8E97-6F1718A213A9}"
EndProject
Project("{2150E333-8FDC-42A3-9474-1A3956D46DE8}") = "PL", "PL", "{A9258BED-4054-4C31-B995-067BBB1B867D}"
EndProject
Project("{2150E333-8FDC-42A3-9474-1A3956D46DE8}") = "DTOs", "DTOs", "{E1F074B9-60F0-4B8C-9E39-6E08D0DE0E74}"
EndProject
Project("{FAE04EC0-301F-11D3-BF4B-00C04F79EFBC}") = "LIB_API", "LIB_API\LIB_API.csproj", "{AFFD5623-3EF5-4485-B857-32C0B20032BB}"
EndProject
Global
	GlobalSection(SolutionConfigurationPlatforms) = preSolution
		Debug|Any CPU = Debug|Any CPU
		Release|Any CPU = Release|Any CPU
	EndGlobalSection
	GlobalSection(ProjectConfigurationPlatforms) = postSolution
		{FE842265-63F1-4316-B7E2-39A98D34B41F}.Debug|Any CPU.ActiveCfg = Debug|Any CPU
		{FE842265-63F1-4316-B7E2-39A98D34B41F}.Debug|Any CPU.Build.0 = Debug|Any CPU
		{FE842265-63F1-4316-B7E2-39A98D34B41F}.Release|Any CPU.ActiveCfg = Release|Any CPU
		{FE842265-63F1-4316-B7E2-39A98D34B41F}.Release|Any CPU.Build.0 = Release|Any CPU
		{77AF2850-A159-4858-B7EC-128E60C10727}.Debug|Any CPU.ActiveCfg = Debug|Any CPU
		{77AF2850-A159-4858-B7EC-128E60C10727}.Debug|Any CPU.Build.0 = Debug|Any CPU
		{77AF2850-A159-4858-B7EC-128E60C10727}.Release|Any CPU.ActiveCfg = Release|Any CPU
		{77AF2850-A159-4858-B7EC-128E60C10727}.Release|Any CPU.Build.0 = Release|Any CPU
		{68B17857-3250-444B-8E97-6F1718A213A9}.Debug|Any CPU.ActiveCfg = Debug|Any CPU
		{68B17857-3250-444B-8E97-6F1718A213A9}.Debug|Any CPU.Build.0 = Debug|Any CPU
		{68B17857-3250-444B-8E97-6F1718A213A9}.Release|Any CPU.ActiveCfg = Release|Any CPU
		{68B17857-3250-444B-8E97-6F1718A213A9}.Release|Any CPU.Build.0 = Release|Any CPU
		{AFFD5623-3EF5-4485-B857-32C0B20032BB}.Debug|Any CPU.ActiveCfg = Debug|Any CPU
		{AFFD5623-3EF5-4485-B857-32C0B20032BB}.Debug|Any CPU.Build.0 = Debug|Any CPU
		{AFFD5623-3EF5-4485-B857-32C0B20032BB}.Release|Any CPU.ActiveCfg = Release|Any CPU
		{AFFD5623-3EF5-4485-B857-32C0B20032BB}.Release|Any CPU.Build.0 = Release|Any CPU
	EndGlobalSection
	GlobalSection(NestedProjects) = preSolution
		{77AF2850-A159-4858-B7EC-128E60C10727} = {C1EBA4F5-A4E3-42D1-AE66-C826B9D8CD46}
		{68B17857-3250-444B-8E97-6F1718A213A9} = {18236E6A-3BB7-4541-BACF-783F087F2BC7}
		{FE842265-63F1-4316-B7E2-39A98D34B41F} = {E1F074B9-60F0-4B8C-9E39-6E08D0DE0E74}
		{AFFD5623-3EF5-4485-B857-32C0B20032BB} = {A9258BED-4054-4C31-B995-067BBB1B867D}
	EndGlobalSection
EndGlobal
